{
  "name": "tmp-scaffold",
  "version": "0.0.1",
  "lockfileVersion": 3,
  "requires": true,
  "packages": {
    "": {
      "name": "tmp-scaffold",
      "version": "0.0.1",
      "dependencies": {
        "astro": "^7.3.8"
      },
      "devDependencies": {
        "typescript": "^7.0.2"
      },
      "engines": {
        "node": ">=22.12.0"
      }
    }
  }
}
